
Microsoft Visual Studio Solution File, Format Version 12.00
Project("{FAE04EC0-301F-11D3-BF4B-00C04F79EFBC}") = "JsonMakerFromCsv", "JsonMakerFromCsv\JsonMakerFromCsv.csproj", "{DC233AC0-8BB8-4189-AF3C-041969080CDE}"
EndProject
Global
	GlobalSection(SolutionConfigurationPlatforms) = preSolution
		Debug|Any CPU = Debug|Any CPU
		Release|Any CPU = Release|Any CPU
	EndGlobalSection
	GlobalSection(ProjectConfigurationPlatforms) = postSolution
		{DC233AC0-8BB8-4189-AF3C-041969080CDE}.Debug|Any CPU.ActiveCfg = Debug|Any CPU
		{DC233AC0-8BB8-4189-AF3C-041969080CDE}.Debug|Any CPU.Build.0 = Debug|Any CPU
		{DC233AC0-8BB8-4189-AF3C-041969080CDE}.Release|Any CPU.ActiveCfg = Release|Any CPU
		{DC233AC0-8BB8-4189-AF3C-041969080CDE}.Release|Any CPU.Build.0 = Release|Any CPU
	EndGlobalSection
EndGlobal
